
Microsoft Visual Studio Solution File, Format Version 12.00
# Visual Studio Version 17
VisualStudioVersion = 17.9.34607.119
MinimumVisualStudioVersion = 10.0.40219.1
Project("{FAE04EC0-301F-11D3-BF4B-00C04F79EFBC}") = "Mission10_API", "Mission10_API.csproj", "{8E9CA6DD-DEEA-45F3-89B3-AA0DD1FE3400}"
EndProject
Global
	GlobalSection(SolutionConfigurationPlatforms) = preSolution
		Debug|Any CPU = Debug|Any CPU
		Release|Any CPU = Release|Any CPU
	EndGlobalSection
	GlobalSection(ProjectConfigurationPlatforms) = postSolution
		{8E9CA6DD-DEEA-45F3-89B3-AA0DD1FE3400}.Debug|Any CPU.ActiveCfg = Debug|Any CPU
		{8E9CA6DD-DEEA-45F3-89B3-AA0DD1FE3400}.Debug|Any CPU.Build.0 = Debug|Any CPU
		{8E9CA6DD-DEEA-45F3-89B3-AA0DD1FE3400}.Release|Any CPU.ActiveCfg = Release|Any CPU
		{8E9CA6DD-DEEA-45F3-89B3-AA0DD1FE3400}.Release|Any CPU.Build.0 = Release|Any CPU
	EndGlobalSection
	GlobalSection(SolutionProperties) = preSolution
		HideSolutionNode = FALSE
	EndGlobalSection
	GlobalSection(ExtensibilityGlobals) = postSolution
		SolutionGuid = {FE0D7CB2-FD57-4706-9414-83EDA8ABC205}
	EndGlobalSection
EndGlobal
